// !$*UTF8*$!
{
	archiveVersion = 1;
	classes = {
	};
	objectVersion = 55;
	objects = {

/* Begin PBXBuildFile section */
		D4752B342820BAAF00BDA473 /* FirebaseAnalytics in Frameworks */ = {isa = PBXBuildFile; productRef = D4752B332820BAAF00BDA473 /* FirebaseAnalytics */; };
		D4752B362820BAAF00BDA473 /* FirebaseAuth in Frameworks */ = {isa = PBXBuildFile; productRef = D4752B352820BAAF00BDA473 /* FirebaseAuth */; };
		D4752B382820BAAF00BDA473 /* FirebaseDatabase in Frameworks */ = {isa = PBXBuildFile; productRef = D4752B372820BAAF00BDA473 /* FirebaseDatabase */; };
		D4752B3A2820BAAF00BDA473 /* FirebaseFirestore in Frameworks */ = {isa = PBXBuildFile; productRef = D4752B392820BAAF00BDA473 /* FirebaseFirestore */; };
		D4752B3C2820BAAF00BDA473 /* FirebaseStorage in Frameworks */ = {isa = PBXBuildFile; productRef = D4752B3B2820BAAF00BDA473 /* FirebaseStorage */; };
		D4752B3E2820C41500BDA473 /* UserInfo.swift in Sources */ = {isa = PBXBuildFile; fileRef = D4752B3D2820C41500BDA473 /* UserInfo.swift */; };
		D4752B402820C7F500BDA473 /* ScienceShareViewController.swift in Sources */ = {isa = PBXBuildFile; fileRef = D4752B3F2820C7F500BDA473 /* ScienceShareViewController.swift */; };
		D48292CA2821CBB100E3A687 /* CustomLayerGroup.swift in Sources */ = {isa = PBXBuildFile; fileRef = D48292C92821CBB100E3A687 /* CustomLayerGroup.swift */; };
		D48292CC2821DA8700E3A687 /* Alerter.swift in Sources */ = {isa = PBXBuildFile; fileRef = D48292CB2821DA8700E3A687 /* Alerter.swift */; };
		D48292CE2821DE7400E3A687 /* ScienceShareTableViewCell.swift in Sources */ = {isa = PBXBuildFile; fileRef = D48292CD2821DE7400E3A687 /* ScienceShareTableViewCell.swift */; };
		D4D7F2D6281CCA4900544956 /* GoogleMapsBase.framework in Frameworks */ = {isa = PBXBuildFile; fileRef = D4D7F2D5281CCA4900544956 /* GoogleMapsBase.framework */; };
		D4D7F2D8281CCA6200544956 /* GoogleMapsCore.framework in Frameworks */ = {isa = PBXBuildFile; fileRef = D4D7F2D7281CCA6200544956 /* GoogleMapsCore.framework */; };
		D4D7F2DA281CCA7600544956 /* GoogleMaps.framework in Frameworks */ = {isa = PBXBuildFile; fileRef = D4D7F2D9281CCA7600544956 /* GoogleMaps.framework */; };
		D4D7F2DF281CCB8600544956 /* Accelerate.framework in Frameworks */ = {isa = PBXBuildFile; fileRef = D4D7F2DE281CCB8600544956 /* Accelerate.framework */; };
		D4D7F2E1281CCB8D00544956 /* CoreData.framework in Frameworks */ = {isa = PBXBuildFile; fileRef = D4D7F2E0281CCB8D00544956 /* CoreData.framework */; };
		D4D7F2E3281CCB9400544956 /* CoreGraphics.framework in Frameworks */ = {isa = PBXBuildFile; fileRef = D4D7F2E2281CCB9400544956 /* CoreGraphics.framework */; };
		D4D7F2E5281CCB9B00544956 /* CoreImage.framework in Frameworks */ = {isa = PBXBuildFile; fileRef = D4D7F2E4281CCB9B00544956 /* CoreImage.framework */; };
		D4D7F2E7281CCBA600544956 /* CoreLocation.framework in Frameworks */ = {isa = PBXBuildFile; fileRef = D4D7F2E6281CCBA600544956 /* CoreLocation.framework */; };
		D4D7F2E9281CCBAC00544956 /* CoreTelephony.framework in Frameworks */ = {isa = PBXBuildFile; fileRef = D4D7F2E8281CCBAC00544956 /* CoreTelephony.framework */; };
		D4D7F2EB281CCBB500544956 /* CoreText.framework in Frameworks */ = {isa = PBXBuildFile; fileRef = D4D7F2EA281CCBB500544956 /* CoreText.framework */; };
		D4D7F2ED281CCBBE00544956 /* GLKit.framework in Frameworks */ = {isa = PBXBuildFile; fileRef = D4D7F2EC281CCBBE00544956 /* GLKit.framework */; };
		D4D7F2EF281CCBC600544956 /* ImageIO.framework in Frameworks */ = {isa = PBXBuildFile; fileRef = D4D7F2EE281CCBC600544956 /* ImageIO.framework */; };
		D4D7F2F1281CCBD200544956 /* libc++.tbd in Frameworks */ = {isa = PBXBuildFile; fileRef = D4D7F2F0281CCBD200544956 /* libc++.tbd */; };
		D4D7F2F3281CCBDA00544956 /* libz.tbd in Frameworks */ = {isa = PBXBuildFile; fileRef = D4D7F2F2281CCBDA00544956 /* libz.tbd */; };
		D4D7F2F5281CCBE200544956 /* Metal.framework in Frameworks */ = {isa = PBXBuildFile; fileRef = D4D7F2F4281CCBE200544956 /* Metal.framework */; };
		D4D7F2F7281CCBEB00544956 /* OpenGLES.framework in Frameworks */ = {isa = PBXBuildFile; fileRef = D4D7F2F6281CCBEB00544956 /* OpenGLES.framework */; };
		D4D7F2F9281CCBF300544956 /* QuartzCore.framework in Frameworks */ = {isa = PBXBuildFile; fileRef = D4D7F2F8281CCBF200544956 /* QuartzCore.framework */; };
		D4D7F2FB281CCBFA00544956 /* SystemConfiguration.framework in Frameworks */ = {isa = PBXBuildFile; fileRef = D4D7F2FA281CCBFA00544956 /* SystemConfiguration.framework */; };
		D4D7F2FD281CCC0100544956 /* UIKit.framework in Frameworks */ = {isa = PBXBuildFile; fileRef = D4D7F2FC281CCC0100544956 /* UIKit.framework */; };
		D4E6F951281DB7B000765895 /* keys.plist in Resources */ = {isa = PBXBuildFile; fileRef = D4E6F950281DB7B000765895 /* keys.plist */; };
		D4E6F953281DC23800765895 /* SearchViewController.swift in Sources */ = {isa = PBXBuildFile; fileRef = D4E6F952281DC23800765895 /* SearchViewController.swift */; };
		D4E6F955281DC5AD00765895 /* SearchTableViewCell.swift in Sources */ = {isa = PBXBuildFile; fileRef = D4E6F954281DC5AD00765895 /* SearchTableViewCell.swift */; };
		D4E6F957281DD22D00765895 /* GIBSData.swift in Sources */ = {isa = PBXBuildFile; fileRef = D4E6F956281DD22D00765895 /* GIBSData.swift */; };
		D4E6F959281E16EF00765895 /* MyLayersViewController.swift in Sources */ = {isa = PBXBuildFile; fileRef = D4E6F958281E16EF00765895 /* MyLayersViewController.swift */; };
		D4E6F95B281E177100765895 /* MyLayersTableViewCell.swift in Sources */ = {isa = PBXBuildFile; fileRef = D4E6F95A281E177100765895 /* MyLayersTableViewCell.swift */; };
		D4E6F95D281F02F400765895 /* MESLayerInfo.swift in Sources */ = {isa = PBXBuildFile; fileRef = D4E6F95C281F02F400765895 /* MESLayerInfo.swift */; };
		D4F05796281F58F800F19D1B /* LegendTableViewCell.swift in Sources */ = {isa = PBXBuildFile; fileRef = D4F05795281F58F800F19D1B /* LegendTableViewCell.swift */; };
		D4F057982820183600F19D1B /* FavoritesViewController.swift in Sources */ = {isa = PBXBuildFile; fileRef = D4F057972820183600F19D1B /* FavoritesViewController.swift */; };
		D4F0579A2820188400F19D1B /* FavoritesTableViewCell.swift in Sources */ = {isa = PBXBuildFile; fileRef = D4F057992820188400F19D1B /* FavoritesTableViewCell.swift */; };
		D4F0579D2820266C00F19D1B /* MobileEarthScientistModel.xcdatamodeld in Sources */ = {isa = PBXBuildFile; fileRef = D4F0579B2820266C00F19D1B /* MobileEarthScientistModel.xcdatamodeld */; };
		D4F0579F2820466700F19D1B /* WelcomeViewController.swift in Sources */ = {isa = PBXBuildFile; fileRef = D4F0579E2820466700F19D1B /* WelcomeViewController.swift */; };
		D4F057AC2820862D00F19D1B /* LoginUserViewController.swift in Sources */ = {isa = PBXBuildFile; fileRef = D4F057AB2820862D00F19D1B /* LoginUserViewController.swift */; };
		D4F057AE282089C600F19D1B /* RegisterUserViewController.swift in Sources */ = {isa = PBXBuildFile; fileRef = D4F057AD282089C600F19D1B /* RegisterUserViewController.swift */; };
		D4F057B328208FA400F19D1B /* GoogleService-Info.plist in Resources */ = {isa = PBXBuildFile; fileRef = D4F057B228208FA400F19D1B /* GoogleService-Info.plist */; };
		D4F057B52820907900F19D1B /* GoogleMapsBase.framework in Frameworks */ = {isa = PBXBuildFile; fileRef = D4F057B42820907900F19D1B /* GoogleMapsBase.framework */; };
		D4F057B82820909B00F19D1B /* GoogleMaps.framework in Frameworks */ = {isa = PBXBuildFile; fileRef = D4F057B62820909B00F19D1B /* GoogleMaps.framework */; };
		D4F057B92820909B00F19D1B /* GoogleMapsCore.framework in Frameworks */ = {isa = PBXBuildFile; fileRef = D4F057B72820909B00F19D1B /* GoogleMapsCore.framework */; };
		D4F057BB282090D200F19D1B /* GoogleMaps.bundle in Resources */ = {isa = PBXBuildFile; fileRef = D4F057BA282090D200F19D1B /* GoogleMaps.bundle */; };
		D5289FFB27FDD40F0000BCC1 /* XMLCoder in Frameworks */ = {isa = PBXBuildFile; productRef = D5289FFA27FDD40F0000BCC1 /* XMLCoder */; };
		D5289FFD27FDF6940000BCC1 /* WMS_Capabilities.swift in Sources */ = {isa = PBXBuildFile; fileRef = D5289FFC27FDF6940000BCC1 /* WMS_Capabilities.swift */; };
		D5ADE4F527FB726E00D59475 /* AppDelegate.swift in Sources */ = {isa = PBXBuildFile; fileRef = D5ADE4F427FB726E00D59475 /* AppDelegate.swift */; };
		D5ADE4F727FB726E00D59475 /* SceneDelegate.swift in Sources */ = {isa = PBXBuildFile; fileRef = D5ADE4F627FB726E00D59475 /* SceneDelegate.swift */; };
		D5ADE4F927FB726E00D59475 /* MapViewController.swift in Sources */ = {isa = PBXBuildFile; fileRef = D5ADE4F827FB726E00D59475 /* MapViewController.swift */; };
		D5ADE4FC27FB726E00D59475 /* Main.storyboard in Resources */ = {isa = PBXBuildFile; fileRef = D5ADE4FA27FB726E00D59475 /* Main.storyboard */; };
		D5ADE4FE27FB727000D59475 /* Assets.xcassets in Resources */ = {isa = PBXBuildFile; fileRef = D5ADE4FD27FB727000D59475 /* Assets.xcassets */; };
		D5ADE50127FB727000D59475 /* LaunchScreen.storyboard in Resources */ = {isa = PBXBuildFile; fileRef = D5ADE4FF27FB727000D59475 /* LaunchScreen.storyboard */; };
/* End PBXBuildFile section */

/* Begin PBXFileReference section */
		D4752B3D2820C41500BDA473 /* UserInfo.swift */ = {isa = PBXFileReference; lastKnownFileType = sourcecode.swift; path = UserInfo.swift; sourceTree = "<group>"; };
		D4752B3F2820C7F500BDA473 /* ScienceShareViewController.swift */ = {isa = PBXFileReference; lastKnownFileType = sourcecode.swift; path = ScienceShareViewController.swift; sourceTree = "<group>"; };
		D48292C92821CBB100E3A687 /* CustomLayerGroup.swift */ = {isa = PBXFileReference; lastKnownFileType = sourcecode.swift; path = CustomLayerGroup.swift; sourceTree = "<group>"; };
		D48292CB2821DA8700E3A687 /* Alerter.swift */ = {isa = PBXFileReference; lastKnownFileType = sourcecode.swift; path = Alerter.swift; sourceTree = "<group>"; };
		D48292CD2821DE7400E3A687 /* ScienceShareTableViewCell.swift */ = {isa = PBXFileReference; lastKnownFileType = sourcecode.swift; path = ScienceShareTableViewCell.swift; sourceTree = "<group>"; };
		D4D7F2D5281CCA4900544956 /* GoogleMapsBase.framework */ = {isa = PBXFileReference; lastKnownFileType = wrapper.framework; path = GoogleMapsBase.framework; sourceTree = "<group>"; };
		D4D7F2D7281CCA6200544956 /* GoogleMapsCore.framework */ = {isa = PBXFileReference; lastKnownFileType = wrapper.framework; path = GoogleMapsCore.framework; sourceTree = "<group>"; };
		D4D7F2D9281CCA7600544956 /* GoogleMaps.framework */ = {isa = PBXFileReference; lastKnownFileType = wrapper.framework; path = GoogleMaps.framework; sourceTree = "<group>"; };
		D4D7F2DE281CCB8600544956 /* Accelerate.framework */ = {isa = PBXFileReference; lastKnownFileType = wrapper.framework; name = Accelerate.framework; path = System/Library/Frameworks/Accelerate.framework; sourceTree = SDKROOT; };
		D4D7F2E0281CCB8D00544956 /* CoreData.framework */ = {isa = PBXFileReference; lastKnownFileType = wrapper.framework; name = CoreData.framework; path = System/Library/Frameworks/CoreData.framework; sourceTree = SDKROOT; };
		D4D7F2E2281CCB9400544956 /* CoreGraphics.framework */ = {isa = PBXFileReference; lastKnownFileType = wrapper.framework; name = CoreGraphics.framework; path = System/Library/Frameworks/CoreGraphics.framework; sourceTree = SDKROOT; };
		D4D7F2E4281CCB9B00544956 /* CoreImage.framework */ = {isa = PBXFileReference; lastKnownFileType = wrapper.framework; name = CoreImage.framework; path = System/Library/Frameworks/CoreImage.framework; sourceTree = SDKROOT; };
		D4D7F2E6281CCBA600544956 /* CoreLocation.framework */ = {isa = PBXFileReference; lastKnownFileType = wrapper.framework; name = CoreLocation.framework; path = System/Library/Frameworks/CoreLocation.framework; sourceTree = SDKROOT; };
		D4D7F2E8281CCBAC00544956 /* CoreTelephony.framework */ = {isa = PBXFileReference; lastKnownFileType = wrapper.framework; name = CoreTelephony.framework; path = System/Library/Frameworks/CoreTelephony.framework; sourceTree = SDKROOT; };
		D4D7F2EA281CCBB500544956 /* CoreText.framework */ = {isa = PBXFileReference; lastKnownFileType = wrapper.framework; name = CoreText.framework; path = System/Library/Frameworks/CoreText.framework; sourceTree = SDKROOT; };
		D4D7F2EC281CCBBE00544956 /* GLKit.framework */ = {isa = PBXFileReference; lastKnownFileType = wrapper.framework; name = GLKit.framework; path = System/Library/Frameworks/GLKit.framework; sourceTree = SDKROOT; };
		D4D7F2EE281CCBC600544956 /* ImageIO.framework */ = {isa = PBXFileReference; lastKnownFileType = wrapper.framework; name = ImageIO.framework; path = System/Library/Frameworks/ImageIO.framework; sourceTree = SDKROOT; };
		D4D7F2F0281CCBD200544956 /* libc++.tbd */ = {isa = PBXFileReference; lastKnownFileType = "sourcecode.text-based-dylib-definition"; name = "libc++.tbd"; path = "usr/lib/libc++.tbd"; sourceTree = SDKROOT; };
		D4D7F2F2281CCBDA00544956 /* libz.tbd */ = {isa = PBXFileReference; lastKnownFileType = "sourcecode.text-based-dylib-definition"; name = libz.tbd; path = usr/lib/libz.tbd; sourceTree = SDKROOT; };
		D4D7F2F4281CCBE200544956 /* Metal.framework */ = {isa = PBXFileReference; lastKnownFileType = wrapper.framework; name = Metal.framework; path = System/Library/Frameworks/Metal.framework; sourceTree = SDKROOT; };
		D4D7F2F6281CCBEB00544956 /* OpenGLES.framework */ = {isa = PBXFileReference; lastKnownFileType = wrapper.framework; name = OpenGLES.framework; path = System/Library/Frameworks/OpenGLES.framework; sourceTree = SDKROOT; };
		D4D7F2F8281CCBF200544956 /* QuartzCore.framework */ = {isa = PBXFileReference; lastKnownFileType = wrapper.framework; name = QuartzCore.framework; path = System/Library/Frameworks/QuartzCore.framework; sourceTree = SDKROOT; };
		D4D7F2FA281CCBFA00544956 /* SystemConfiguration.framework */ = {isa = PBXFileReference; lastKnownFileType = wrapper.framework; name = SystemConfiguration.framework; path = System/Library/Frameworks/SystemConfiguration.framework; sourceTree = SDKROOT; };
		D4D7F2FC281CCC0100544956 /* UIKit.framework */ = {isa = PBXFileReference; lastKnownFileType = wrapper.framework; name = UIKit.framework; path = System/Library/Frameworks/UIKit.framework; sourceTree = SDKROOT; };
		D4E6F950281DB7B000765895 /* keys.plist */ = {isa = PBXFileReference; lastKnownFileType = text.plist.xml; path = keys.plist; sourceTree = "<group>"; };
		D4E6F952281DC23800765895 /* SearchViewController.swift */ = {isa = PBXFileReference; lastKnownFileType = sourcecode.swift; path = SearchViewController.swift; sourceTree = "<group>"; };
		D4E6F954281DC5AD00765895 /* SearchTableViewCell.swift */ = {isa = PBXFileReference; lastKnownFileType = sourcecode.swift; path = SearchTableViewCell.swift; sourceTree = "<group>"; };
		D4E6F956281DD22D00765895 /* GIBSData.swift */ = {isa = PBXFileReference; lastKnownFileType = sourcecode.swift; path = GIBSData.swift; sourceTree = "<group>"; };
		D4E6F958281E16EF00765895 /* MyLayersViewController.swift */ = {isa = PBXFileReference; lastKnownFileType = sourcecode.swift; path = MyLayersViewController.swift; sourceTree = "<group>"; };
		D4E6F95A281E177100765895 /* MyLayersTableViewCell.swift */ = {isa = PBXFileReference; lastKnownFileType = sourcecode.swift; path = MyLayersTableViewCell.swift; sourceTree = "<group>"; };
		D4E6F95C281F02F400765895 /* MESLayerInfo.swift */ = {isa = PBXFileReference; lastKnownFileType = sourcecode.swift; path = MESLayerInfo.swift; sourceTree = "<group>"; };
		D4F05795281F58F800F19D1B /* LegendTableViewCell.swift */ = {isa = PBXFileReference; lastKnownFileType = sourcecode.swift; path = LegendTableViewCell.swift; sourceTree = "<group>"; };
		D4F057972820183600F19D1B /* FavoritesViewController.swift */ = {isa = PBXFileReference; lastKnownFileType = sourcecode.swift; path = FavoritesViewController.swift; sourceTree = "<group>"; };
		D4F057992820188400F19D1B /* FavoritesTableViewCell.swift */ = {isa = PBXFileReference; lastKnownFileType = sourcecode.swift; path = FavoritesTableViewCell.swift; sourceTree = "<group>"; };
		D4F0579C2820266C00F19D1B /* FavoritesModel.xcdatamodel */ = {isa = PBXFileReference; lastKnownFileType = wrapper.xcdatamodel; path = FavoritesModel.xcdatamodel; sourceTree = "<group>"; };
		D4F0579E2820466700F19D1B /* WelcomeViewController.swift */ = {isa = PBXFileReference; lastKnownFileType = sourcecode.swift; path = WelcomeViewController.swift; sourceTree = "<group>"; };
		D4F057AB2820862D00F19D1B /* LoginUserViewController.swift */ = {isa = PBXFileReference; lastKnownFileType = sourcecode.swift; path = LoginUserViewController.swift; sourceTree = "<group>"; };
		D4F057AD282089C600F19D1B /* RegisterUserViewController.swift */ = {isa = PBXFileReference; lastKnownFileType = sourcecode.swift; path = RegisterUserViewController.swift; sourceTree = "<group>"; };
		D4F057B228208FA400F19D1B /* GoogleService-Info.plist */ = {isa = PBXFileReference; fileEncoding = 4; lastKnownFileType = text.plist.xml; path = "GoogleService-Info.plist"; sourceTree = "<group>"; };
		D4F057B42820907900F19D1B /* GoogleMapsBase.framework */ = {isa = PBXFileReference; lastKnownFileType = wrapper.framework; name = GoogleMapsBase.framework; path = "Mobile Earth Scientist/GoogleMaps-6.2.0 /Base/Frameworks/GoogleMapsBase.framework"; sourceTree = "<group>"; };
		D4F057B62820909B00F19D1B /* GoogleMaps.framework */ = {isa = PBXFileReference; lastKnownFileType = wrapper.framework; name = GoogleMaps.framework; path = "Mobile Earth Scientist/GoogleMaps-6.2.0 /Maps/Frameworks/GoogleMaps.framework"; sourceTree = "<group>"; };
		D4F057B72820909B00F19D1B /* GoogleMapsCore.framework */ = {isa = PBXFileReference; lastKnownFileType = wrapper.framework; name = GoogleMapsCore.framework; path = "Mobile Earth Scientist/GoogleMaps-6.2.0 /Maps/Frameworks/GoogleMapsCore.framework"; sourceTree = "<group>"; };
		D4F057BA282090D200F19D1B /* GoogleMaps.bundle */ = {isa = PBXFileReference; lastKnownFileType = "wrapper.plug-in"; name = GoogleMaps.bundle; path = "Mobile Earth Scientist/GoogleMaps-6.2.0 /Maps/Frameworks/GoogleMaps.framework/Resources/GoogleMaps.bundle"; sourceTree = "<group>"; };
		D5289FFC27FDF6940000BCC1 /* WMS_Capabilities.swift */ = {isa = PBXFileReference; lastKnownFileType = sourcecode.swift; path = WMS_Capabilities.swift; sourceTree = "<group>"; };
		D5ADE4F127FB726E00D59475 /* Mobile Earth Scientist.app */ = {isa = PBXFileReference; explicitFileType = wrapper.application; includeInIndex = 0; path = "Mobile Earth Scientist.app"; sourceTree = BUILT_PRODUCTS_DIR; };
		D5ADE4F427FB726E00D59475 /* AppDelegate.swift */ = {isa = PBXFileReference; lastKnownFileType = sourcecode.swift; path = AppDelegate.swift; sourceTree = "<group>"; };
		D5ADE4F627FB726E00D59475 /* SceneDelegate.swift */ = {isa = PBXFileReference; lastKnownFileType = sourcecode.swift; path = SceneDelegate.swift; sourceTree = "<group>"; };
		D5ADE4F827FB726E00D59475 /* MapViewController.swift */ = {isa = PBXFileReference; lastKnownFileType = sourcecode.swift; path = MapViewController.swift; sourceTree = "<group>"; };
		D5ADE4FB27FB726E00D59475 /* Base */ = {isa = PBXFileReference; lastKnownFileType = file.storyboard; name = Base; path = Base.lproj/Main.storyboard; sourceTree = "<group>"; };
		D5ADE4FD27FB727000D59475 /* Assets.xcassets */ = {isa = PBXFileReference; lastKnownFileType = folder.assetcatalog; path = Assets.xcassets; sourceTree = "<group>"; };
		D5ADE50027FB727000D59475 /* Base */ = {isa = PBXFileReference; lastKnownFileType = file.storyboard; name = Base; path = Base.lproj/LaunchScreen.storyboard; sourceTree = "<group>"; };
		D5ADE50227FB727000D59475 /* Info.plist */ = {isa = PBXFileReference; lastKnownFileType = text.plist.xml; path = Info.plist; sourceTree = "<group>"; };
/* End PBXFileReference section */

/* Begin PBXFrameworksBuildPhase section */
		D5ADE4EE27FB726E00D59475 /* Frameworks */ = {
			isa = PBXFrameworksBuildPhase;
			buildActionMask = 2147483647;
			files = (
				D4752B382820BAAF00BDA473 /* FirebaseDatabase in Frameworks */,
				D4D7F2FD281CCC0100544956 /* UIKit.framework in Frameworks */,
				D4D7F2FB281CCBFA00544956 /* SystemConfiguration.framework in Frameworks */,
				D4752B342820BAAF00BDA473 /* FirebaseAnalytics in Frameworks */,
				D4D7F2F9281CCBF300544956 /* QuartzCore.framework in Frameworks */,
				D4F057B92820909B00F19D1B /* GoogleMapsCore.framework in Frameworks */,
				D4F057B82820909B00F19D1B /* GoogleMaps.framework in Frameworks */,
				D4D7F2F7281CCBEB00544956 /* OpenGLES.framework in Frameworks */,
				D4D7F2F5281CCBE200544956 /* Metal.framework in Frameworks */,
				D4D7F2F3281CCBDA00544956 /* libz.tbd in Frameworks */,
				D4D7F2F1281CCBD200544956 /* libc++.tbd in Frameworks */,
				D4D7F2EF281CCBC600544956 /* ImageIO.framework in Frameworks */,
				D4752B362820BAAF00BDA473 /* FirebaseAuth in Frameworks */,
				D4D7F2ED281CCBBE00544956 /* GLKit.framework in Frameworks */,
				D4752B3A2820BAAF00BDA473 /* FirebaseFirestore in Frameworks */,
				D4D7F2EB281CCBB500544956 /* CoreText.framework in Frameworks */,
				D4D7F2E9281CCBAC00544956 /* CoreTelephony.framework in Frameworks */,
				D4D7F2E7281CCBA600544956 /* CoreLocation.framework in Frameworks */,
				D4D7F2E5281CCB9B00544956 /* CoreImage.framework in Frameworks */,
				D4D7F2E3281CCB9400544956 /* CoreGraphics.framework in Frameworks */,
				D4D7F2E1281CCB8D00544956 /* CoreData.framework in Frameworks */,
				D4D7F2DF281CCB8600544956 /* Accelerate.framework in Frameworks */,
				D5289FFB27FDD40F0000BCC1 /* XMLCoder in Frameworks */,
				D4D7F2D8281CCA6200544956 /* GoogleMapsCore.framework in Frameworks */,
				D4F057B52820907900F19D1B /* GoogleMapsBase.framework in Frameworks */,
				D4752B3C2820BAAF00BDA473 /* FirebaseStorage in Frameworks */,
				D4D7F2DA281CCA7600544956 /* GoogleMaps.framework in Frameworks */,
				D4D7F2D6281CCA4900544956 /* GoogleMapsBase.framework in Frameworks */,
			);
			runOnlyForDeploymentPostprocessing = 0;
		};
/* End PBXFrameworksBuildPhase section */

/* Begin PBXGroup section */
		D409AD47281C77B200E8388D /* Frameworks */ = {
			isa = PBXGroup;
			children = (
				D4D7F2FC281CCC0100544956 /* UIKit.framework */,
				D4D7F2FA281CCBFA00544956 /* SystemConfiguration.framework */,
				D4D7F2F8281CCBF200544956 /* QuartzCore.framework */,
				D4D7F2F6281CCBEB00544956 /* OpenGLES.framework */,
				D4D7F2F4281CCBE200544956 /* Metal.framework */,
				D4D7F2F2281CCBDA00544956 /* libz.tbd */,
				D4D7F2F0281CCBD200544956 /* libc++.tbd */,
				D4D7F2EE281CCBC600544956 /* ImageIO.framework */,
				D4D7F2EC281CCBBE00544956 /* GLKit.framework */,
				D4D7F2EA281CCBB500544956 /* CoreText.framework */,
				D4D7F2E8281CCBAC00544956 /* CoreTelephony.framework */,
				D4D7F2E6281CCBA600544956 /* CoreLocation.framework */,
				D4D7F2E4281CCB9B00544956 /* CoreImage.framework */,
				D4D7F2E2281CCB9400544956 /* CoreGraphics.framework */,
				D4D7F2E0281CCB8D00544956 /* CoreData.framework */,
				D4D7F2DE281CCB8600544956 /* Accelerate.framework */,
				D4D7F2D9281CCA7600544956 /* GoogleMaps.framework */,
				D4D7F2D5281CCA4900544956 /* GoogleMapsBase.framework */,
				D4D7F2D7281CCA6200544956 /* GoogleMapsCore.framework */,
			);
			name = Frameworks;
			sourceTree = "<group>";
		};
		D4F057AF28208A9100F19D1B /* ViewControllers */ = {
			isa = PBXGroup;
			children = (
				D4E6F952281DC23800765895 /* SearchViewController.swift */,
				D4752B3F2820C7F500BDA473 /* ScienceShareViewController.swift */,
				D4E6F958281E16EF00765895 /* MyLayersViewController.swift */,
				D4F057972820183600F19D1B /* FavoritesViewController.swift */,
				D4F0579E2820466700F19D1B /* WelcomeViewController.swift */,
				D4F057AD282089C600F19D1B /* RegisterUserViewController.swift */,
				D5ADE4F827FB726E00D59475 /* MapViewController.swift */,
				D4F057AB2820862D00F19D1B /* LoginUserViewController.swift */,
			);
			path = ViewControllers;
			sourceTree = "<group>";
		};
		D4F057B028208AD100F19D1B /* TableViewCells */ = {
			isa = PBXGroup;
			children = (
				D4F057992820188400F19D1B /* FavoritesTableViewCell.swift */,
				D4F05795281F58F800F19D1B /* LegendTableViewCell.swift */,
				D4E6F95A281E177100765895 /* MyLayersTableViewCell.swift */,
				D4E6F954281DC5AD00765895 /* SearchTableViewCell.swift */,
				D48292CD2821DE7400E3A687 /* ScienceShareTableViewCell.swift */,
			);
			path = TableViewCells;
			sourceTree = "<group>";
		};
		D4F057B128208B1900F19D1B /* Structs */ = {
			isa = PBXGroup;
			children = (
				D5289FFC27FDF6940000BCC1 /* WMS_Capabilities.swift */,
				D4E6F95C281F02F400765895 /* MESLayerInfo.swift */,
				D4E6F956281DD22D00765895 /* GIBSData.swift */,
				D4752B3D2820C41500BDA473 /* UserInfo.swift */,
				D48292C92821CBB100E3A687 /* CustomLayerGroup.swift */,
				D48292CB2821DA8700E3A687 /* Alerter.swift */,
			);
			path = Structs;
			sourceTree = "<group>";
		};
		D5ADE4E827FB726E00D59475 = {
			isa = PBXGroup;
			children = (
				D5ADE4F327FB726E00D59475 /* Mobile Earth Scientist */,
				D5ADE4F227FB726E00D59475 /* Products */,
				D4F057B62820909B00F19D1B /* GoogleMaps.framework */,
				D4F057B72820909B00F19D1B /* GoogleMapsCore.framework */,
				D4F057BA282090D200F19D1B /* GoogleMaps.bundle */,
				D4F057B42820907900F19D1B /* GoogleMapsBase.framework */,
				D409AD47281C77B200E8388D /* Frameworks */,
			);
			sourceTree = "<group>";
		};
		D5ADE4F227FB726E00D59475 /* Products */ = {
			isa = PBXGroup;
			children = (
				D5ADE4F127FB726E00D59475 /* Mobile Earth Scientist.app */,
			);
			name = Products;
			sourceTree = "<group>";
		};
		D5ADE4F327FB726E00D59475 /* Mobile Earth Scientist */ = {
			isa = PBXGroup;
			children = (
				D4F057AF28208A9100F19D1B /* ViewControllers */,
				D4F057B028208AD100F19D1B /* TableViewCells */,
				D4F057B128208B1900F19D1B /* Structs */,
				D5ADE4F627FB726E00D59475 /* SceneDelegate.swift */,
				D5ADE4F427FB726E00D59475 /* AppDelegate.swift */,
				D5ADE4FA27FB726E00D59475 /* Main.storyboard */,
				D4F057B228208FA400F19D1B /* GoogleService-Info.plist */,
				D5ADE4FF27FB727000D59475 /* LaunchScreen.storyboard */,
				D4F0579B2820266C00F19D1B /* MobileEarthScientistModel.xcdatamodeld */,
				D5ADE4FD27FB727000D59475 /* Assets.xcassets */,
				D5ADE50227FB727000D59475 /* Info.plist */,
				D4E6F950281DB7B000765895 /* keys.plist */,
			);
			path = "Mobile Earth Scientist";
			sourceTree = "<group>";
		};
/* End PBXGroup section */

/* Begin PBXNativeTarget section */
		D5ADE4F027FB726E00D59475 /* Mobile Earth Scientist */ = {
			isa = PBXNativeTarget;
			buildConfigurationList = D5ADE50527FB727000D59475 /* Build configuration list for PBXNativeTarget "Mobile Earth Scientist" */;
			buildPhases = (
				D5ADE4ED27FB726E00D59475 /* Sources */,
				D5ADE4EE27FB726E00D59475 /* Frameworks */,
				D5ADE4EF27FB726E00D59475 /* Resources */,
			);
			buildRules = (
			);
			dependencies = (
			);
			name = "Mobile Earth Scientist";
			packageProductDependencies = (
				D5289FFA27FDD40F0000BCC1 /* XMLCoder */,
				D4752B332820BAAF00BDA473 /* FirebaseAnalytics */,
				D4752B352820BAAF00BDA473 /* FirebaseAuth */,
				D4752B372820BAAF00BDA473 /* FirebaseDatabase */,
				D4752B392820BAAF00BDA473 /* FirebaseFirestore */,
				D4752B3B2820BAAF00BDA473 /* FirebaseStorage */,
			);
			productName = "Mobile Earth Scientist";
			productReference = D5ADE4F127FB726E00D59475 /* Mobile Earth Scientist.app */;
			productType = "com.apple.product-type.application";
		};
/* End PBXNativeTarget section */

/* Begin PBXProject section */
		D5ADE4E927FB726E00D59475 /* Project object */ = {
			isa = PBXProject;
			attributes = {
				BuildIndependentTargetsInParallel = 1;
				LastSwiftUpdateCheck = 1320;
				LastUpgradeCheck = 1320;
				TargetAttributes = {
					D5ADE4F027FB726E00D59475 = {
						CreatedOnToolsVersion = 13.2.1;
					};
				};
			};
			buildConfigurationList = D5ADE4EC27FB726E00D59475 /* Build configuration list for PBXProject "Mobile Earth Scientist" */;
			compatibilityVersion = "Xcode 13.0";
			developmentRegion = en;
			hasScannedForEncodings = 0;
			knownRegions = (
				en,
				Base,
			);
			mainGroup = D5ADE4E827FB726E00D59475;
			packageReferences = (
				D5289FF927FDD40F0000BCC1 /* XCRemoteSwiftPackageReference "XMLCoder" */,
				D4752B322820BAAF00BDA473 /* XCRemoteSwiftPackageReference "firebase-ios-sdk" */,
			);
			productRefGroup = D5ADE4F227FB726E00D59475 /* Products */;
			projectDirPath = "";
			projectRoot = "";
			targets = (
				D5ADE4F027FB726E00D59475 /* Mobile Earth Scientist */,
			);
		};
/* End PBXProject section */

/* Begin PBXResourcesBuildPhase section */
		D5ADE4EF27FB726E00D59475 /* Resources */ = {
			isa = PBXResourcesBuildPhase;
			buildActionMask = 2147483647;
			files = (
				D4E6F951281DB7B000765895 /* keys.plist in Resources */,
				D5ADE50127FB727000D59475 /* LaunchScreen.storyboard in Resources */,
				D5ADE4FE27FB727000D59475 /* Assets.xcassets in Resources */,
				D4F057BB282090D200F19D1B /* GoogleMaps.bundle in Resources */,
				D5ADE4FC27FB726E00D59475 /* Main.storyboard in Resources */,
				D4F057B328208FA400F19D1B /* GoogleService-Info.plist in Resources */,
			);
			runOnlyForDeploymentPostprocessing = 0;
		};
/* End PBXResourcesBuildPhase section */

/* Begin PBXSourcesBuildPhase section */
		D5ADE4ED27FB726E00D59475 /* Sources */ = {
			isa = PBXSourcesBuildPhase;
			buildActionMask = 2147483647;
			files = (
				D4E6F953281DC23800765895 /* SearchViewController.swift in Sources */,
				D4E6F95B281E177100765895 /* MyLayersTableViewCell.swift in Sources */,
				D5ADE4F927FB726E00D59475 /* MapViewController.swift in Sources */,
				D5289FFD27FDF6940000BCC1 /* WMS_Capabilities.swift in Sources */,
				D4E6F955281DC5AD00765895 /* SearchTableViewCell.swift in Sources */,
				D4E6F95D281F02F400765895 /* MESLayerInfo.swift in Sources */,
				D4F0579F2820466700F19D1B /* WelcomeViewController.swift in Sources */,
				D4E6F959281E16EF00765895 /* MyLayersViewController.swift in Sources */,
				D48292CE2821DE7400E3A687 /* ScienceShareTableViewCell.swift in Sources */,
				D5ADE4F527FB726E00D59475 /* AppDelegate.swift in Sources */,
				D4F05796281F58F800F19D1B /* LegendTableViewCell.swift in Sources */,
				D48292CA2821CBB100E3A687 /* CustomLayerGroup.swift in Sources */,
				D48292CC2821DA8700E3A687 /* Alerter.swift in Sources */,
				D4F0579D2820266C00F19D1B /* MobileEarthScientistModel.xcdatamodeld in Sources */,
				D4F0579A2820188400F19D1B /* FavoritesTableViewCell.swift in Sources */,
				D4E6F957281DD22D00765895 /* GIBSData.swift in Sources */,
				D4F057982820183600F19D1B /* FavoritesViewController.swift in Sources */,
				D5ADE4F727FB726E00D59475 /* SceneDelegate.swift in Sources */,
				D4F057AC2820862D00F19D1B /* LoginUserViewController.swift in Sources */,
				D4752B3E2820C41500BDA473 /* UserInfo.swift in Sources */,
				D4F057AE282089C600F19D1B /* RegisterUserViewController.swift in Sources */,
				D4752B402820C7F500BDA473 /* ScienceShareViewController.swift in Sources */,
			);
			runOnlyForDeploymentPostprocessing = 0;
		};
/* End PBXSourcesBuildPhase section */

/* Begin PBXVariantGroup section */
		D5ADE4FA27FB726E00D59475 /* Main.storyboard */ = {
			isa = PBXVariantGroup;
			children = (
				D5ADE4FB27FB726E00D59475 /* Base */,
			);
			name = Main.storyboard;
			sourceTree = "<group>";
		};
		D5ADE4FF27FB727000D59475 /* LaunchScreen.storyboard */ = {
			isa = PBXVariantGroup;
			children = (
				D5ADE50027FB727000D59475 /* Base */,
			);
			name = LaunchScreen.storyboard;
			sourceTree = "<group>";
		};
/* End PBXVariantGroup section */

/* Begin XCBuildConfiguration section */
		D5ADE50327FB727000D59475 /* Debug */ = {
			isa = XCBuildConfiguration;
			buildSettings = {
				ALWAYS_SEARCH_USER_PATHS = NO;
				CLANG_ANALYZER_NONNULL = YES;
				CLANG_ANALYZER_NUMBER_OBJECT_CONVERSION = YES_AGGRESSIVE;
				CLANG_CXX_LANGUAGE_STANDARD = "gnu++17";
				CLANG_CXX_LIBRARY = "libc++";
				CLANG_ENABLE_MODULES = YES;
				CLANG_ENABLE_OBJC_ARC = YES;
				CLANG_ENABLE_OBJC_WEAK = YES;
				CLANG_WARN_BLOCK_CAPTURE_AUTORELEASING = YES;
				CLANG_WARN_BOOL_CONVERSION = YES;
				CLANG_WARN_COMMA = YES;
				CLANG_WARN_CONSTANT_CONVERSION = YES;
				CLANG_WARN_DEPRECATED_OBJC_IMPLEMENTATIONS = YES;
				CLANG_WARN_DIRECT_OBJC_ISA_USAGE = YES_ERROR;
				CLANG_WARN_DOCUMENTATION_COMMENTS = YES;
				CLANG_WARN_EMPTY_BODY = YES;
				CLANG_WARN_ENUM_CONVERSION = YES;
				CLANG_WARN_INFINITE_RECURSION = YES;
				CLANG_WARN_INT_CONVERSION = YES;
				CLANG_WARN_NON_LITERAL_NULL_CONVERSION = YES;
				CLANG_WARN_OBJC_IMPLICIT_RETAIN_SELF = YES;
				CLANG_WARN_OBJC_LITERAL_CONVERSION = YES;
				CLANG_WARN_OBJC_ROOT_CLASS = YES_ERROR;
				CLANG_WARN_QUOTED_INCLUDE_IN_FRAMEWORK_HEADER = YES;
				CLANG_WARN_RANGE_LOOP_ANALYSIS = YES;
				CLANG_WARN_STRICT_PROTOTYPES = YES;
				CLANG_WARN_SUSPICIOUS_MOVE = YES;
				CLANG_WARN_UNGUARDED_AVAILABILITY = YES_AGGRESSIVE;
				CLANG_WARN_UNREACHABLE_CODE = YES;
				CLANG_WARN__DUPLICATE_METHOD_MATCH = YES;
				COPY_PHASE_STRIP = NO;
				DEBUG_INFORMATION_FORMAT = dwarf;
				ENABLE_STRICT_OBJC_MSGSEND = YES;
				ENABLE_TESTABILITY = YES;
				GCC_C_LANGUAGE_STANDARD = gnu11;
				GCC_DYNAMIC_NO_PIC = NO;
				GCC_NO_COMMON_BLOCKS = YES;
				GCC_OPTIMIZATION_LEVEL = 0;
				GCC_PREPROCESSOR_DEFINITIONS = (
					"DEBUG=1",
					"$(inherited)",
				);
				GCC_WARN_64_TO_32_BIT_CONVERSION = YES;
				GCC_WARN_ABOUT_RETURN_TYPE = YES_ERROR;
				GCC_WARN_UNDECLARED_SELECTOR = YES;
				GCC_WARN_UNINITIALIZED_AUTOS = YES_AGGRESSIVE;
				GCC_WARN_UNUSED_FUNCTION = YES;
				GCC_WARN_UNUSED_VARIABLE = YES;
				IPHONEOS_DEPLOYMENT_TARGET = 15.2;
				MTL_ENABLE_DEBUG_INFO = INCLUDE_SOURCE;
				MTL_FAST_MATH = YES;
				ONLY_ACTIVE_ARCH = YES;
				SDKROOT = iphoneos;
				SWIFT_ACTIVE_COMPILATION_CONDITIONS = DEBUG;
				SWIFT_OPTIMIZATION_LEVEL = "-Onone";
			};
			name = Debug;
		};
		D5ADE50427FB727000D59475 /* Release */ = {
			isa = XCBuildConfiguration;
			buildSettings = {
				ALWAYS_SEARCH_USER_PATHS = NO;
				CLANG_ANALYZER_NONNULL = YES;
				CLANG_ANALYZER_NUMBER_OBJECT_CONVERSION = YES_AGGRESSIVE;
				CLANG_CXX_LANGUAGE_STANDARD = "gnu++17";
				CLANG_CXX_LIBRARY = "libc++";
				CLANG_ENABLE_MODULES = YES;
				CLANG_ENABLE_OBJC_ARC = YES;
				CLANG_ENABLE_OBJC_WEAK = YES;
				CLANG_WARN_BLOCK_CAPTURE_AUTORELEASING = YES;
				CLANG_WARN_BOOL_CONVERSION = YES;
				CLANG_WARN_COMMA = YES;
				CLANG_WARN_CONSTANT_CONVERSION = YES;
				CLANG_WARN_DEPRECATED_OBJC_IMPLEMENTATIONS = YES;
				CLANG_WARN_DIRECT_OBJC_ISA_USAGE = YES_ERROR;
				CLANG_WARN_DOCUMENTATION_COMMENTS = YES;
				CLANG_WARN_EMPTY_BODY = YES;
				CLANG_WARN_ENUM_CONVERSION = YES;
				CLANG_WARN_INFINITE_RECURSION = YES;
				CLANG_WARN_INT_CONVERSION = YES;
				CLANG_WARN_NON_LITERAL_NULL_CONVERSION = YES;
				CLANG_WARN_OBJC_IMPLICIT_RETAIN_SELF = YES;
				CLANG_WARN_OBJC_LITERAL_CONVERSION = YES;
				CLANG_WARN_OBJC_ROOT_CLASS = YES_ERROR;
				CLANG_WARN_QUOTED_INCLUDE_IN_FRAMEWORK_HEADER = YES;
				CLANG_WARN_RANGE_LOOP_ANALYSIS = YES;
				CLANG_WARN_STRICT_PROTOTYPES = YES;
				CLANG_WARN_SUSPICIOUS_MOVE = YES;
				CLANG_WARN_UNGUARDED_AVAILABILITY = YES_AGGRESSIVE;
				CLANG_WARN_UNREACHABLE_CODE = YES;
				CLANG_WARN__DUPLICATE_METHOD_MATCH = YES;
				COPY_PHASE_STRIP = NO;
				DEBUG_INFORMATION_FORMAT = "dwarf-with-dsym";
				ENABLE_NS_ASSERTIONS = NO;
				ENABLE_STRICT_OBJC_MSGSEND = YES;
				GCC_C_LANGUAGE_STANDARD = gnu11;
				GCC_NO_COMMON_BLOCKS = YES;
				GCC_WARN_64_TO_32_BIT_CONVERSION = YES;
				GCC_WARN_ABOUT_RETURN_TYPE = YES_ERROR;
				GCC_WARN_UNDECLARED_SELECTOR = YES;
				GCC_WARN_UNINITIALIZED_AUTOS = YES_AGGRESSIVE;
				GCC_WARN_UNUSED_FUNCTION = YES;
				GCC_WARN_UNUSED_VARIABLE = YES;
				IPHONEOS_DEPLOYMENT_TARGET = 15.2;
				MTL_ENABLE_DEBUG_INFO = NO;
				MTL_FAST_MATH = YES;
				SDKROOT = iphoneos;
				SWIFT_COMPILATION_MODE = wholemodule;
				SWIFT_OPTIMIZATION_LEVEL = "-O";
				VALIDATE_PRODUCT = YES;
			};
			name = Release;
		};
		D5ADE50627FB727000D59475 /* Debug */ = {
			isa = XCBuildConfiguration;
			buildSettings = {
				ASSETCATALOG_COMPILER_APPICON_NAME = AppIcon;
				ASSETCATALOG_COMPILER_GLOBAL_ACCENT_COLOR_NAME = AccentColor;
				CODE_SIGN_STYLE = Automatic;
				CURRENT_PROJECT_VERSION = 1;
				FRAMEWORK_SEARCH_PATHS = (
					"$(inherited)",
					"$(PROJECT_DIR)",
					"$(PROJECT_DIR)/Mobile\\ Earth\\ Scientist/GoogleMaps-6.2.0\\ /Base/Frameworks",
					"$(PROJECT_DIR)/Mobile\\ Earth\\ Scientist/GoogleMaps-6.2.0\\ /Maps/Frameworks",
					"$(PROJECT_DIR)/Mobile\\ Earth\\ Scientist/GoogleMaps-6.2.0\\ /Maps/Frameworks",
				);
				GENERATE_INFOPLIST_FILE = YES;
				INFOPLIST_FILE = "Mobile Earth Scientist/Info.plist";
				INFOPLIST_KEY_UIApplicationSupportsIndirectInputEvents = YES;
				INFOPLIST_KEY_UILaunchStoryboardName = LaunchScreen;
				INFOPLIST_KEY_UIMainStoryboardFile = Main;
				INFOPLIST_KEY_UISupportedInterfaceOrientations_iPad = "UIInterfaceOrientationPortrait UIInterfaceOrientationPortraitUpsideDown UIInterfaceOrientationLandscapeLeft UIInterfaceOrientationLandscapeRight";
				INFOPLIST_KEY_UISupportedInterfaceOrientations_iPhone = "UIInterfaceOrientationPortrait UIInterfaceOrientationLandscapeLeft UIInterfaceOrientationLandscapeRight";
				LD_RUNPATH_SEARCH_PATHS = (
					"$(inherited)",
					"@executable_path/Frameworks",
				);
				MARKETING_VERSION = 1.0;
				OTHER_LDFLAGS = "-ObjC";
				PRODUCT_BUNDLE_IDENTIFIER = "Matthew-Graber.Mobile-Earth-Scientist";
				PRODUCT_NAME = "$(TARGET_NAME)";
				SWIFT_EMIT_LOC_STRINGS = YES;
				SWIFT_VERSION = 5.0;
				TARGETED_DEVICE_FAMILY = "1,2";
			};
			name = Debug;
		};
		D5ADE50727FB727000D59475 /* Release */ = {
			isa = XCBuildConfiguration;
			buildSettings = {
				ASSETCATALOG_COMPILER_APPICON_NAME = AppIcon;
				ASSETCATALOG_COMPILER_GLOBAL_ACCENT_COLOR_NAME = AccentColor;
				CODE_SIGN_STYLE = Automatic;
				CURRENT_PROJECT_VERSION = 1;
				FRAMEWORK_SEARCH_PATHS = (
					"$(inherited)",
					"$(PROJECT_DIR)",
					"$(PROJECT_DIR)/Mobile\\ Earth\\ Scientist/GoogleMaps-6.2.0\\ /Base/Frameworks",
					"$(PROJECT_DIR)/Mobile\\ Earth\\ Scientist/GoogleMaps-6.2.0\\ /Maps/Frameworks",
					"$(PROJECT_DIR)/Mobile\\ Earth\\ Scientist/GoogleMaps-6.2.0\\ /Maps/Frameworks",
				);
				GENERATE_INFOPLIST_FILE = YES;
				INFOPLIST_FILE = "Mobile Earth Scientist/Info.plist";
				INFOPLIST_KEY_UIApplicationSupportsIndirectInputEvents = YES;
				INFOPLIST_KEY_UILaunchStoryboardName = LaunchScreen;
				INFOPLIST_KEY_UIMainStoryboardFile = Main;
				INFOPLIST_KEY_UISupportedInterfaceOrientations_iPad = "UIInterfaceOrientationPortrait UIInterfaceOrientationPortraitUpsideDown UIInterfaceOrientationLandscapeLeft UIInterfaceOrientationLandscapeRight";
				INFOPLIST_KEY_UISupportedInterfaceOrientations_iPhone = "UIInterfaceOrientationPortrait UIInterfaceOrientationLandscapeLeft UIInterfaceOrientationLandscapeRight";
				LD_RUNPATH_SEARCH_PATHS = (
					"$(inherited)",
					"@executable_path/Frameworks",
				);
				MARKETING_VERSION = 1.0;
				OTHER_LDFLAGS = "-ObjC";
				PRODUCT_BUNDLE_IDENTIFIER = "Matthew-Graber.Mobile-Earth-Scientist";
				PRODUCT_NAME = "$(TARGET_NAME)";
				SWIFT_EMIT_LOC_STRINGS = YES;
				SWIFT_VERSION = 5.0;
				TARGETED_DEVICE_FAMILY = "1,2";
			};
			name = Release;
		};
/* End XCBuildConfiguration section */

/* Begin XCConfigurationList section */
		D5ADE4EC27FB726E00D59475 /* Build configuration list for PBXProject "Mobile Earth Scientist" */ = {
			isa = XCConfigurationList;
			buildConfigurations = (
				D5ADE50327FB727000D59475 /* Debug */,
				D5ADE50427FB727000D59475 /* Release */,
			);
			defaultConfigurationIsVisible = 0;
			defaultConfigurationName = Release;
		};
		D5ADE50527FB727000D59475 /* Build configuration list for PBXNativeTarget "Mobile Earth Scientist" */ = {
			isa = XCConfigurationList;
			buildConfigurations = (
				D5ADE50627FB727000D59475 /* Debug */,
				D5ADE50727FB727000D59475 /* Release */,
			);
			defaultConfigurationIsVisible = 0;
			defaultConfigurationName = Release;
		};
/* End XCConfigurationList section */

/* Begin XCRemoteSwiftPackageReference section */
		D4752B322820BAAF00BDA473 /* XCRemoteSwiftPackageReference "firebase-ios-sdk" */ = {
			isa = XCRemoteSwiftPackageReference;
			repositoryURL = "https://github.com/firebase/firebase-ios-sdk";
			requirement = {
				kind = upToNextMajorVersion;
				minimumVersion = 8.0.0;
			};
		};
		D5289FF927FDD40F0000BCC1 /* XCRemoteSwiftPackageReference "XMLCoder" */ = {
			isa = XCRemoteSwiftPackageReference;
			repositoryURL = "https://github.com/MaxDesiatov/XMLCoder.git";
			requirement = {
				kind = upToNextMajorVersion;
				minimumVersion = 0.9.0;
			};
		};
/* End XCRemoteSwiftPackageReference section */

/* Begin XCSwiftPackageProductDependency section */
		D4752B332820BAAF00BDA473 /* FirebaseAnalytics */ = {
			isa = XCSwiftPackageProductDependency;
			package = D4752B322820BAAF00BDA473 /* XCRemoteSwiftPackageReference "firebase-ios-sdk" */;
			productName = FirebaseAnalytics;
		};
		D4752B352820BAAF00BDA473 /* FirebaseAuth */ = {
			isa = XCSwiftPackageProductDependency;
			package = D4752B322820BAAF00BDA473 /* XCRemoteSwiftPackageReference "firebase-ios-sdk" */;
			productName = FirebaseAuth;
		};
		D4752B372820BAAF00BDA473 /* FirebaseDatabase */ = {
			isa = XCSwiftPackageProductDependency;
			package = D4752B322820BAAF00BDA473 /* XCRemoteSwiftPackageReference "firebase-ios-sdk" */;
			productName = FirebaseDatabase;
		};
		D4752B392820BAAF00BDA473 /* FirebaseFirestore */ = {
			isa = XCSwiftPackageProductDependency;
			package = D4752B322820BAAF00BDA473 /* XCRemoteSwiftPackageReference "firebase-ios-sdk" */;
			productName = FirebaseFirestore;
		};
		D4752B3B2820BAAF00BDA473 /* FirebaseStorage */ = {
			isa = XCSwiftPackageProductDependency;
			package = D4752B322820BAAF00BDA473 /* XCRemoteSwiftPackageReference "firebase-ios-sdk" */;
			productName = FirebaseStorage;
		};
		D5289FFA27FDD40F0000BCC1 /* XMLCoder */ = {
			isa = XCSwiftPackageProductDependency;
			package = D5289FF927FDD40F0000BCC1 /* XCRemoteSwiftPackageReference "XMLCoder" */;
			productName = XMLCoder;
		};
/* End XCSwiftPackageProductDependency section */

/* Begin XCVersionGroup section */
		D4F0579B2820266C00F19D1B /* MobileEarthScientistModel.xcdatamodeld */ = {
			isa = XCVersionGroup;
			children = (
				D4F0579C2820266C00F19D1B /* FavoritesModel.xcdatamodel */,
			);
			currentVersion = D4F0579C2820266C00F19D1B /* FavoritesModel.xcdatamodel */;
			path = MobileEarthScientistModel.xcdatamodeld;
			sourceTree = "<group>";
			versionGroupType = wrapper.xcdatamodel;
		};
/* End XCVersionGroup section */
	};
	rootObject = D5ADE4E927FB726E00D59475 /* Project object */;
}
