{
  "pins" : [
    {
      "identity" : "xmlcoder",
      "kind" : "remoteSourceControl",
      "location" : "https://github.com/MaxDesiatov/XMLCoder.git",
      "state" : {
        "revision" : "f30119af03996939cc4f54e0bf0dda9f88a84da5",
        "version" : "0.13.1"
      }
    }
  ],
  "version" : 2
}
